// !$*UTF8*$!
{
	archiveVersion = 1;
	classes = {
	};
	objectVersion = 50;
	objects = {

/* Begin PBXBuildFile section */
		208B4784F0DC5E7EA43A4EB0 /* libPods-likit.a in Frameworks */ = {isa = PBXBuildFile; fileRef = 2BB9D9202F5DA96F8CDB9D15 /* libPods-likit.a */; };
		BA4B8BE525EF923300ED2550 /* LKFileUtil.m in Sources */ = {isa = PBXBuildFile; fileRef = BA4B8BE425EF923300ED2550 /* LKFileUtil.m */; };
		BA4B8BEB25EF9D6400ED2550 /* LKWebSocketManager.m in Sources */ = {isa = PBXBuildFile; fileRef = BA4B8BEA25EF9D6400ED2550 /* LKWebSocketManager.m */; };
		BA805B5D25F07D860081243F /* LKFileManageHelper.m in Sources */ = {isa = PBXBuildFile; fileRef = BA805B5C25F07D860081243F /* LKFileManageHelper.m */; };
		BA805B6225F07F760081243F /* LKFileModel.m in Sources */ = {isa = PBXBuildFile; fileRef = BA805B6125F07F760081243F /* LKFileModel.m */; };
		BA805B6625F0ECA90081243F /* LKFileManageFileIcon.bundle in Resources */ = {isa = PBXBuildFile; fileRef = BA805B6525F0ECA90081243F /* LKFileManageFileIcon.bundle */; };
		BA805B6B25F0ED2D0081243F /* LKFileBaseTableViewCell.m in Sources */ = {isa = PBXBuildFile; fileRef = BA805B6A25F0ED2D0081243F /* LKFileBaseTableViewCell.m */; };
		BA805B7025F0ED3F0081243F /* LKFileTableViewCell.m in Sources */ = {isa = PBXBuildFile; fileRef = BA805B6F25F0ED3F0081243F /* LKFileTableViewCell.m */; };
		BA9882C825EF841600CD8178 /* LKFileManageViewController.m in Sources */ = {isa = PBXBuildFile; fileRef = BA9882C725EF841600CD8178 /* LKFileManageViewController.m */; };
		FA55A4EC25B1E8AE00EC6CAB /* AppDelegate.m in Sources */ = {isa = PBXBuildFile; fileRef = FA55A4EB25B1E8AE00EC6CAB /* AppDelegate.m */; };
		FA55A4F725B1E8AF00EC6CAB /* Assets.xcassets in Resources */ = {isa = PBXBuildFile; fileRef = FA55A4F625B1E8AF00EC6CAB /* Assets.xcassets */; };
		FA55A4FA25B1E8AF00EC6CAB /* LaunchScreen.storyboard in Resources */ = {isa = PBXBuildFile; fileRef = FA55A4F825B1E8AF00EC6CAB /* LaunchScreen.storyboard */; };
		FA55A4FD25B1E8AF00EC6CAB /* main.m in Sources */ = {isa = PBXBuildFile; fileRef = FA55A4FC25B1E8AF00EC6CAB /* main.m */; };
		FAB3BCBD25B2776000057C6B /* RootViewController.m in Sources */ = {isa = PBXBuildFile; fileRef = FAB3BCBC25B2776000057C6B /* RootViewController.m */; };
		FAB3BCC125B2781C00057C6B /* LKBaseTabBarController.m in Sources */ = {isa = PBXBuildFile; fileRef = FAB3BCC025B2781C00057C6B /* LKBaseTabBarController.m */; };
		FAB3BCC525B2786500057C6B /* LKBaseNavigationController.m in Sources */ = {isa = PBXBuildFile; fileRef = FAB3BCC425B2786500057C6B /* LKBaseNavigationController.m */; };
		FAB3BCCB25B278C100057C6B /* LKHomeViewController.m in Sources */ = {isa = PBXBuildFile; fileRef = FAB3BCCA25B278C100057C6B /* LKHomeViewController.m */; };
		FAD01C6325B1F9A100CD7FFB /* LKBaseViewController.m in Sources */ = {isa = PBXBuildFile; fileRef = FAD01C5A25B1F9A100CD7FFB /* LKBaseViewController.m */; };
		FAD01C6425B1F9A100CD7FFB /* LKControllerUtil.m in Sources */ = {isa = PBXBuildFile; fileRef = FAD01C5B25B1F9A100CD7FFB /* LKControllerUtil.m */; };
		FAEAB76425B2E0A400891DFB /* LKMineViewController.m in Sources */ = {isa = PBXBuildFile; fileRef = FAEAB76325B2E0A400891DFB /* LKMineViewController.m */; };
		FAEAB76C25B2FEB800891DFB /* UIColor+LKAdd.m in Sources */ = {isa = PBXBuildFile; fileRef = FAEAB76B25B2FEB800891DFB /* UIColor+LKAdd.m */; };
		FAEAB77825B350D800891DFB /* LKDeviceUtil.m in Sources */ = {isa = PBXBuildFile; fileRef = FAEAB77725B350D800891DFB /* LKDeviceUtil.m */; };
/* End PBXBuildFile section */

/* Begin PBXFileReference section */
		17E27E0BE5D471AE30A040AC /* Pods-likit.release.xcconfig */ = {isa = PBXFileReference; includeInIndex = 1; lastKnownFileType = text.xcconfig; name = "Pods-likit.release.xcconfig"; path = "Target Support Files/Pods-likit/Pods-likit.release.xcconfig"; sourceTree = "<group>"; };
		2BB9D9202F5DA96F8CDB9D15 /* libPods-likit.a */ = {isa = PBXFileReference; explicitFileType = archive.ar; includeInIndex = 0; path = "libPods-likit.a"; sourceTree = BUILT_PRODUCTS_DIR; };
		93D514D5D9B1D2812660C7FF /* Pods-likit.debug.xcconfig */ = {isa = PBXFileReference; includeInIndex = 1; lastKnownFileType = text.xcconfig; name = "Pods-likit.debug.xcconfig"; path = "Target Support Files/Pods-likit/Pods-likit.debug.xcconfig"; sourceTree = "<group>"; };
		BA4B8BE325EF923300ED2550 /* LKFileUtil.h */ = {isa = PBXFileReference; lastKnownFileType = sourcecode.c.h; path = LKFileUtil.h; sourceTree = "<group>"; };
		BA4B8BE425EF923300ED2550 /* LKFileUtil.m */ = {isa = PBXFileReference; lastKnownFileType = sourcecode.c.objc; path = LKFileUtil.m; sourceTree = "<group>"; };
		BA4B8BE925EF9D6400ED2550 /* LKWebSocketManager.h */ = {isa = PBXFileReference; lastKnownFileType = sourcecode.c.h; path = LKWebSocketManager.h; sourceTree = "<group>"; };
		BA4B8BEA25EF9D6400ED2550 /* LKWebSocketManager.m */ = {isa = PBXFileReference; lastKnownFileType = sourcecode.c.objc; path = LKWebSocketManager.m; sourceTree = "<group>"; };
		BA805B5B25F07D860081243F /* LKFileManageHelper.h */ = {isa = PBXFileReference; lastKnownFileType = sourcecode.c.h; path = LKFileManageHelper.h; sourceTree = "<group>"; };
		BA805B5C25F07D860081243F /* LKFileManageHelper.m */ = {isa = PBXFileReference; lastKnownFileType = sourcecode.c.objc; path = LKFileManageHelper.m; sourceTree = "<group>"; };
		BA805B6025F07F760081243F /* LKFileModel.h */ = {isa = PBXFileReference; lastKnownFileType = sourcecode.c.h; path = LKFileModel.h; sourceTree = "<group>"; };
		BA805B6125F07F760081243F /* LKFileModel.m */ = {isa = PBXFileReference; lastKnownFileType = sourcecode.c.objc; path = LKFileModel.m; sourceTree = "<group>"; };
		BA805B6525F0ECA90081243F /* LKFileManageFileIcon.bundle */ = {isa = PBXFileReference; lastKnownFileType = "wrapper.plug-in"; path = LKFileManageFileIcon.bundle; sourceTree = "<group>"; };
		BA805B6925F0ED2D0081243F /* LKFileBaseTableViewCell.h */ = {isa = PBXFileReference; lastKnownFileType = sourcecode.c.h; path = LKFileBaseTableViewCell.h; sourceTree = "<group>"; };
		BA805B6A25F0ED2D0081243F /* LKFileBaseTableViewCell.m */ = {isa = PBXFileReference; lastKnownFileType = sourcecode.c.objc; path = LKFileBaseTableViewCell.m; sourceTree = "<group>"; };
		BA805B6E25F0ED3F0081243F /* LKFileTableViewCell.h */ = {isa = PBXFileReference; lastKnownFileType = sourcecode.c.h; path = LKFileTableViewCell.h; sourceTree = "<group>"; };
		BA805B6F25F0ED3F0081243F /* LKFileTableViewCell.m */ = {isa = PBXFileReference; lastKnownFileType = sourcecode.c.objc; path = LKFileTableViewCell.m; sourceTree = "<group>"; };
		BA9882C625EF841600CD8178 /* LKFileManageViewController.h */ = {isa = PBXFileReference; lastKnownFileType = sourcecode.c.h; path = LKFileManageViewController.h; sourceTree = "<group>"; };
		BA9882C725EF841600CD8178 /* LKFileManageViewController.m */ = {isa = PBXFileReference; lastKnownFileType = sourcecode.c.objc; path = LKFileManageViewController.m; sourceTree = "<group>"; };
		FA55A4E725B1E8AE00EC6CAB /* likit.app */ = {isa = PBXFileReference; explicitFileType = wrapper.application; includeInIndex = 0; path = likit.app; sourceTree = BUILT_PRODUCTS_DIR; };
		FA55A4EA25B1E8AE00EC6CAB /* AppDelegate.h */ = {isa = PBXFileReference; lastKnownFileType = sourcecode.c.h; path = AppDelegate.h; sourceTree = "<group>"; };
		FA55A4EB25B1E8AE00EC6CAB /* AppDelegate.m */ = {isa = PBXFileReference; lastKnownFileType = sourcecode.c.objc; path = AppDelegate.m; sourceTree = "<group>"; };
		FA55A4F625B1E8AF00EC6CAB /* Assets.xcassets */ = {isa = PBXFileReference; lastKnownFileType = folder.assetcatalog; path = Assets.xcassets; sourceTree = "<group>"; };
		FA55A4F925B1E8AF00EC6CAB /* Base */ = {isa = PBXFileReference; lastKnownFileType = file.storyboard; name = Base; path = Base.lproj/LaunchScreen.storyboard; sourceTree = "<group>"; };
		FA55A4FB25B1E8AF00EC6CAB /* Info.plist */ = {isa = PBXFileReference; lastKnownFileType = text.plist.xml; path = Info.plist; sourceTree = "<group>"; };
		FA55A4FC25B1E8AF00EC6CAB /* main.m */ = {isa = PBXFileReference; lastKnownFileType = sourcecode.c.objc; path = main.m; sourceTree = "<group>"; };
		FAB3BCBB25B2776000057C6B /* RootViewController.h */ = {isa = PBXFileReference; lastKnownFileType = sourcecode.c.h; path = RootViewController.h; sourceTree = "<group>"; };
		FAB3BCBC25B2776000057C6B /* RootViewController.m */ = {isa = PBXFileReference; lastKnownFileType = sourcecode.c.objc; path = RootViewController.m; sourceTree = "<group>"; };
		FAB3BCBF25B2781C00057C6B /* LKBaseTabBarController.h */ = {isa = PBXFileReference; lastKnownFileType = sourcecode.c.h; path = LKBaseTabBarController.h; sourceTree = "<group>"; };
		FAB3BCC025B2781C00057C6B /* LKBaseTabBarController.m */ = {isa = PBXFileReference; lastKnownFileType = sourcecode.c.objc; path = LKBaseTabBarController.m; sourceTree = "<group>"; };
		FAB3BCC325B2786500057C6B /* LKBaseNavigationController.h */ = {isa = PBXFileReference; lastKnownFileType = sourcecode.c.h; path = LKBaseNavigationController.h; sourceTree = "<group>"; };
		FAB3BCC425B2786500057C6B /* LKBaseNavigationController.m */ = {isa = PBXFileReference; lastKnownFileType = sourcecode.c.objc; path = LKBaseNavigationController.m; sourceTree = "<group>"; };
		FAB3BCC925B278C100057C6B /* LKHomeViewController.h */ = {isa = PBXFileReference; lastKnownFileType = sourcecode.c.h; path = LKHomeViewController.h; sourceTree = "<group>"; };
		FAB3BCCA25B278C100057C6B /* LKHomeViewController.m */ = {isa = PBXFileReference; lastKnownFileType = sourcecode.c.objc; path = LKHomeViewController.m; sourceTree = "<group>"; };
		FAD01C5725B1F9A100CD7FFB /* LKPrefixHeader.pch */ = {isa = PBXFileReference; fileEncoding = 4; lastKnownFileType = sourcecode.c.h; path = LKPrefixHeader.pch; sourceTree = "<group>"; };
		FAD01C5925B1F9A100CD7FFB /* LKControllerUtil.h */ = {isa = PBXFileReference; fileEncoding = 4; lastKnownFileType = sourcecode.c.h; path = LKControllerUtil.h; sourceTree = "<group>"; };
		FAD01C5A25B1F9A100CD7FFB /* LKBaseViewController.m */ = {isa = PBXFileReference; fileEncoding = 4; lastKnownFileType = sourcecode.c.objc; path = LKBaseViewController.m; sourceTree = "<group>"; };
		FAD01C5B25B1F9A100CD7FFB /* LKControllerUtil.m */ = {isa = PBXFileReference; fileEncoding = 4; lastKnownFileType = sourcecode.c.objc; path = LKControllerUtil.m; sourceTree = "<group>"; };
		FAD01C5C25B1F9A100CD7FFB /* LKBaseViewController.h */ = {isa = PBXFileReference; fileEncoding = 4; lastKnownFileType = sourcecode.c.h; path = LKBaseViewController.h; sourceTree = "<group>"; };
		FAEAB76225B2E0A400891DFB /* LKMineViewController.h */ = {isa = PBXFileReference; lastKnownFileType = sourcecode.c.h; path = LKMineViewController.h; sourceTree = "<group>"; };
		FAEAB76325B2E0A400891DFB /* LKMineViewController.m */ = {isa = PBXFileReference; lastKnownFileType = sourcecode.c.objc; path = LKMineViewController.m; sourceTree = "<group>"; };
		FAEAB76625B2FC7A00891DFB /* LKColorHeader.h */ = {isa = PBXFileReference; lastKnownFileType = sourcecode.c.h; path = LKColorHeader.h; sourceTree = "<group>"; };
		FAEAB76A25B2FEB800891DFB /* UIColor+LKAdd.h */ = {isa = PBXFileReference; fileEncoding = 4; lastKnownFileType = sourcecode.c.h; path = "UIColor+LKAdd.h"; sourceTree = "<group>"; };
		FAEAB76B25B2FEB800891DFB /* UIColor+LKAdd.m */ = {isa = PBXFileReference; fileEncoding = 4; lastKnownFileType = sourcecode.c.objc; path = "UIColor+LKAdd.m"; sourceTree = "<group>"; };
		FAEAB77625B350D800891DFB /* LKDeviceUtil.h */ = {isa = PBXFileReference; lastKnownFileType = sourcecode.c.h; path = LKDeviceUtil.h; sourceTree = "<group>"; };
		FAEAB77725B350D800891DFB /* LKDeviceUtil.m */ = {isa = PBXFileReference; lastKnownFileType = sourcecode.c.objc; path = LKDeviceUtil.m; sourceTree = "<group>"; };
/* End PBXFileReference section */

/* Begin PBXFrameworksBuildPhase section */
		FA55A4E425B1E8AE00EC6CAB /* Frameworks */ = {
			isa = PBXFrameworksBuildPhase;
			buildActionMask = 2147483647;
			files = (
				208B4784F0DC5E7EA43A4EB0 /* libPods-likit.a in Frameworks */,
			);
			runOnlyForDeploymentPostprocessing = 0;
		};
/* End PBXFrameworksBuildPhase section */

/* Begin PBXGroup section */
		3399345D41757365DA1B5732 /* Frameworks */ = {
			isa = PBXGroup;
			children = (
				2BB9D9202F5DA96F8CDB9D15 /* libPods-likit.a */,
			);
			name = Frameworks;
			sourceTree = "<group>";
		};
		6ACB69EBECB1D32554C33FE9 /* Pods */ = {
			isa = PBXGroup;
			children = (
				93D514D5D9B1D2812660C7FF /* Pods-likit.debug.xcconfig */,
				17E27E0BE5D471AE30A040AC /* Pods-likit.release.xcconfig */,
			);
			path = Pods;
			sourceTree = "<group>";
		};
		BA4B8BE225EF921800ED2550 /* file */ = {
			isa = PBXGroup;
			children = (
				BA4B8BE325EF923300ED2550 /* LKFileUtil.h */,
				BA4B8BE425EF923300ED2550 /* LKFileUtil.m */,
			);
			path = file;
			sourceTree = "<group>";
		};
		BA4B8BE825EF9D4D00ED2550 /* socket */ = {
			isa = PBXGroup;
			children = (
				BA4B8BE925EF9D6400ED2550 /* LKWebSocketManager.h */,
				BA4B8BEA25EF9D6400ED2550 /* LKWebSocketManager.m */,
			);
			path = socket;
			sourceTree = "<group>";
		};
		BA805B5F25F07F620081243F /* model */ = {
			isa = PBXGroup;
			children = (
				BA805B6025F07F760081243F /* LKFileModel.h */,
				BA805B6125F07F760081243F /* LKFileModel.m */,
			);
			path = model;
			sourceTree = "<group>";
		};
		BA805B6425F0EC910081243F /* resources */ = {
			isa = PBXGroup;
			children = (
				BA805B6525F0ECA90081243F /* LKFileManageFileIcon.bundle */,
			);
			path = resources;
			sourceTree = "<group>";
		};
		BA805B6825F0ECFB0081243F /* view */ = {
			isa = PBXGroup;
			children = (
				BA805B6925F0ED2D0081243F /* LKFileBaseTableViewCell.h */,
				BA805B6A25F0ED2D0081243F /* LKFileBaseTableViewCell.m */,
				BA805B6E25F0ED3F0081243F /* LKFileTableViewCell.h */,
				BA805B6F25F0ED3F0081243F /* LKFileTableViewCell.m */,
			);
			path = view;
			sourceTree = "<group>";
		};
		BA9882C325EF833C00CD8178 /* tool */ = {
			isa = PBXGroup;
			children = (
				BA4B8BE825EF9D4D00ED2550 /* socket */,
				BA9882CB25EF847400CD8178 /* file */,
			);
			path = tool;
			sourceTree = "<group>";
		};
		BA9882C425EF836A00CD8178 /* controller */ = {
			isa = PBXGroup;
			children = (
				BA9882C625EF841600CD8178 /* LKFileManageViewController.h */,
				BA9882C725EF841600CD8178 /* LKFileManageViewController.m */,
			);
			path = controller;
			sourceTree = "<group>";
		};
		BA9882CB25EF847400CD8178 /* file */ = {
			isa = PBXGroup;
			children = (
				BA805B5B25F07D860081243F /* LKFileManageHelper.h */,
				BA805B5C25F07D860081243F /* LKFileManageHelper.m */,
				BA9882C425EF836A00CD8178 /* controller */,
				BA805B5F25F07F620081243F /* model */,
				BA805B6825F0ECFB0081243F /* view */,
				BA805B6425F0EC910081243F /* resources */,
			);
			path = file;
			sourceTree = "<group>";
		};
		FA55A4DE25B1E8AE00EC6CAB = {
			isa = PBXGroup;
			children = (
				FA55A4E925B1E8AE00EC6CAB /* likit */,
				FA55A4E825B1E8AE00EC6CAB /* Products */,
				6ACB69EBECB1D32554C33FE9 /* Pods */,
				3399345D41757365DA1B5732 /* Frameworks */,
			);
			sourceTree = "<group>";
		};
		FA55A4E825B1E8AE00EC6CAB /* Products */ = {
			isa = PBXGroup;
			children = (
				FA55A4E725B1E8AE00EC6CAB /* likit.app */,
			);
			name = Products;
			sourceTree = "<group>";
		};
		FA55A4E925B1E8AE00EC6CAB /* likit */ = {
			isa = PBXGroup;
			children = (
				FAEAB76825B2FE9C00891DFB /* util */,
				BA9882C325EF833C00CD8178 /* tool */,
				FAD01C5525B1F9A100CD7FFB /* base */,
				FAD01C5D25B1F9A100CD7FFB /* business */,
				FA55A4EA25B1E8AE00EC6CAB /* AppDelegate.h */,
				FA55A4EB25B1E8AE00EC6CAB /* AppDelegate.m */,
				FAB3BCBB25B2776000057C6B /* RootViewController.h */,
				FAB3BCBC25B2776000057C6B /* RootViewController.m */,
				FA55A4F625B1E8AF00EC6CAB /* Assets.xcassets */,
				FA55A4F825B1E8AF00EC6CAB /* LaunchScreen.storyboard */,
				FA55A4FB25B1E8AF00EC6CAB /* Info.plist */,
				FA55A4FC25B1E8AF00EC6CAB /* main.m */,
			);
			path = likit;
			sourceTree = "<group>";
		};
		FAB3BCC725B2789A00057C6B /* home */ = {
			isa = PBXGroup;
			children = (
				FAB3BCC825B278A300057C6B /* controller */,
			);
			path = home;
			sourceTree = "<group>";
		};
		FAB3BCC825B278A300057C6B /* controller */ = {
			isa = PBXGroup;
			children = (
				FAB3BCC925B278C100057C6B /* LKHomeViewController.h */,
				FAB3BCCA25B278C100057C6B /* LKHomeViewController.m */,
			);
			path = controller;
			sourceTree = "<group>";
		};
		FAD01C5525B1F9A100CD7FFB /* base */ = {
			isa = PBXGroup;
			children = (
				FAD01C5625B1F9A100CD7FFB /* config */,
				FAD01C5825B1F9A100CD7FFB /* controller */,
			);
			path = base;
			sourceTree = "<group>";
		};
		FAD01C5625B1F9A100CD7FFB /* config */ = {
			isa = PBXGroup;
			children = (
				FAD01C5725B1F9A100CD7FFB /* LKPrefixHeader.pch */,
				FAEAB76625B2FC7A00891DFB /* LKColorHeader.h */,
			);
			path = config;
			sourceTree = "<group>";
		};
		FAD01C5825B1F9A100CD7FFB /* controller */ = {
			isa = PBXGroup;
			children = (
				FAD01C5C25B1F9A100CD7FFB /* LKBaseViewController.h */,
				FAD01C5A25B1F9A100CD7FFB /* LKBaseViewController.m */,
				FAB3BCBF25B2781C00057C6B /* LKBaseTabBarController.h */,
				FAB3BCC025B2781C00057C6B /* LKBaseTabBarController.m */,
				FAB3BCC325B2786500057C6B /* LKBaseNavigationController.h */,
				FAB3BCC425B2786500057C6B /* LKBaseNavigationController.m */,
			);
			path = controller;
			sourceTree = "<group>";
		};
		FAD01C5D25B1F9A100CD7FFB /* business */ = {
			isa = PBXGroup;
			children = (
				FAEAB76025B2E07F00891DFB /* mine */,
				FAB3BCC725B2789A00057C6B /* home */,
			);
			path = business;
			sourceTree = "<group>";
		};
		FAEAB76025B2E07F00891DFB /* mine */ = {
			isa = PBXGroup;
			children = (
				FAEAB76125B2E08900891DFB /* controller */,
			);
			path = mine;
			sourceTree = "<group>";
		};
		FAEAB76125B2E08900891DFB /* controller */ = {
			isa = PBXGroup;
			children = (
				FAEAB76225B2E0A400891DFB /* LKMineViewController.h */,
				FAEAB76325B2E0A400891DFB /* LKMineViewController.m */,
			);
			path = controller;
			sourceTree = "<group>";
		};
		FAEAB76825B2FE9C00891DFB /* util */ = {
			isa = PBXGroup;
			children = (
				BA4B8BE225EF921800ED2550 /* file */,
				FAEAB77525B350B600891DFB /* device */,
				FAEAB77125B2FF3400891DFB /* controller */,
				FAEAB76925B2FEA600891DFB /* color */,
			);
			path = util;
			sourceTree = "<group>";
		};
		FAEAB76925B2FEA600891DFB /* color */ = {
			isa = PBXGroup;
			children = (
				FAEAB76A25B2FEB800891DFB /* UIColor+LKAdd.h */,
				FAEAB76B25B2FEB800891DFB /* UIColor+LKAdd.m */,
			);
			path = color;
			sourceTree = "<group>";
		};
		FAEAB77125B2FF3400891DFB /* controller */ = {
			isa = PBXGroup;
			children = (
				FAD01C5925B1F9A100CD7FFB /* LKControllerUtil.h */,
				FAD01C5B25B1F9A100CD7FFB /* LKControllerUtil.m */,
			);
			path = controller;
			sourceTree = "<group>";
		};
		FAEAB77525B350B600891DFB /* device */ = {
			isa = PBXGroup;
			children = (
				FAEAB77625B350D800891DFB /* LKDeviceUtil.h */,
				FAEAB77725B350D800891DFB /* LKDeviceUtil.m */,
			);
			path = device;
			sourceTree = "<group>";
		};
/* End PBXGroup section */

/* Begin PBXNativeTarget section */
		FA55A4E625B1E8AE00EC6CAB /* likit */ = {
			isa = PBXNativeTarget;
			buildConfigurationList = FA55A50025B1E8AF00EC6CAB /* Build configuration list for PBXNativeTarget "likit" */;
			buildPhases = (
				D5A19D64710445F1A09BCD2D /* [CP] Check Pods Manifest.lock */,
				FA55A4E325B1E8AE00EC6CAB /* Sources */,
				FA55A4E425B1E8AE00EC6CAB /* Frameworks */,
				FA55A4E525B1E8AE00EC6CAB /* Resources */,
				A48372A73A8849E42191A67E /* [CP] Copy Pods Resources */,
			);
			buildRules = (
			);
			dependencies = (
			);
			name = likit;
			productName = likit;
			productReference = FA55A4E725B1E8AE00EC6CAB /* likit.app */;
			productType = "com.apple.product-type.application";
		};
/* End PBXNativeTarget section */

/* Begin PBXProject section */
		FA55A4DF25B1E8AE00EC6CAB /* Project object */ = {
			isa = PBXProject;
			attributes = {
				LastUpgradeCheck = 1220;
				TargetAttributes = {
					FA55A4E625B1E8AE00EC6CAB = {
						CreatedOnToolsVersion = 12.2;
					};
				};
			};
			buildConfigurationList = FA55A4E225B1E8AE00EC6CAB /* Build configuration list for PBXProject "likit" */;
			compatibilityVersion = "Xcode 9.3";
			developmentRegion = en;
			hasScannedForEncodings = 0;
			knownRegions = (
				en,
				Base,
			);
			mainGroup = FA55A4DE25B1E8AE00EC6CAB;
			productRefGroup = FA55A4E825B1E8AE00EC6CAB /* Products */;
			projectDirPath = "";
			projectRoot = "";
			targets = (
				FA55A4E625B1E8AE00EC6CAB /* likit */,
			);
		};
/* End PBXProject section */

/* Begin PBXResourcesBuildPhase section */
		FA55A4E525B1E8AE00EC6CAB /* Resources */ = {
			isa = PBXResourcesBuildPhase;
			buildActionMask = 2147483647;
			files = (
				FA55A4FA25B1E8AF00EC6CAB /* LaunchScreen.storyboard in Resources */,
				FA55A4F725B1E8AF00EC6CAB /* Assets.xcassets in Resources */,
				BA805B6625F0ECA90081243F /* LKFileManageFileIcon.bundle in Resources */,
			);
			runOnlyForDeploymentPostprocessing = 0;
		};
/* End PBXResourcesBuildPhase section */

/* Begin PBXShellScriptBuildPhase section */
		A48372A73A8849E42191A67E /* [CP] Copy Pods Resources */ = {
			isa = PBXShellScriptBuildPhase;
			buildActionMask = 2147483647;
			files = (
			);
			inputFileListPaths = (
				"${PODS_ROOT}/Target Support Files/Pods-likit/Pods-likit-resources-${CONFIGURATION}-input-files.xcfilelist",
			);
			name = "[CP] Copy Pods Resources";
			outputFileListPaths = (
				"${PODS_ROOT}/Target Support Files/Pods-likit/Pods-likit-resources-${CONFIGURATION}-output-files.xcfilelist",
			);
			runOnlyForDeploymentPostprocessing = 0;
			shellPath = /bin/sh;
			shellScript = "\"${PODS_ROOT}/Target Support Files/Pods-likit/Pods-likit-resources.sh\"\n";
			showEnvVarsInLog = 0;
		};
		D5A19D64710445F1A09BCD2D /* [CP] Check Pods Manifest.lock */ = {
			isa = PBXShellScriptBuildPhase;
			buildActionMask = 2147483647;
			files = (
			);
			inputFileListPaths = (
			);
			inputPaths = (
				"${PODS_PODFILE_DIR_PATH}/Podfile.lock",
				"${PODS_ROOT}/Manifest.lock",
			);
			name = "[CP] Check Pods Manifest.lock";
			outputFileListPaths = (
			);
			outputPaths = (
				"$(DERIVED_FILE_DIR)/Pods-likit-checkManifestLockResult.txt",
			);
			runOnlyForDeploymentPostprocessing = 0;
			shellPath = /bin/sh;
			shellScript = "diff \"${PODS_PODFILE_DIR_PATH}/Podfile.lock\" \"${PODS_ROOT}/Manifest.lock\" > /dev/null\nif [ $? != 0 ] ; then\n    # print error to STDERR\n    echo \"error: The sandbox is not in sync with the Podfile.lock. Run 'pod install' or update your CocoaPods installation.\" >&2\n    exit 1\nfi\n# This output is used by Xcode 'outputs' to avoid re-running this script phase.\necho \"SUCCESS\" > \"${SCRIPT_OUTPUT_FILE_0}\"\n";
			showEnvVarsInLog = 0;
		};
/* End PBXShellScriptBuildPhase section */

/* Begin PBXSourcesBuildPhase section */
		FA55A4E325B1E8AE00EC6CAB /* Sources */ = {
			isa = PBXSourcesBuildPhase;
			buildActionMask = 2147483647;
			files = (
				BA805B6225F07F760081243F /* LKFileModel.m in Sources */,
				FA55A4EC25B1E8AE00EC6CAB /* AppDelegate.m in Sources */,
				FAEAB76C25B2FEB800891DFB /* UIColor+LKAdd.m in Sources */,
				FAB3BCBD25B2776000057C6B /* RootViewController.m in Sources */,
				FA55A4FD25B1E8AF00EC6CAB /* main.m in Sources */,
				BA4B8BEB25EF9D6400ED2550 /* LKWebSocketManager.m in Sources */,
				FAD01C6425B1F9A100CD7FFB /* LKControllerUtil.m in Sources */,
				BA4B8BE525EF923300ED2550 /* LKFileUtil.m in Sources */,
				BA805B5D25F07D860081243F /* LKFileManageHelper.m in Sources */,
				FAB3BCC125B2781C00057C6B /* LKBaseTabBarController.m in Sources */,
				FAB3BCCB25B278C100057C6B /* LKHomeViewController.m in Sources */,
				FAB3BCC525B2786500057C6B /* LKBaseNavigationController.m in Sources */,
				FAEAB76425B2E0A400891DFB /* LKMineViewController.m in Sources */,
				FAD01C6325B1F9A100CD7FFB /* LKBaseViewController.m in Sources */,
				BA805B7025F0ED3F0081243F /* LKFileTableViewCell.m in Sources */,
				BA9882C825EF841600CD8178 /* LKFileManageViewController.m in Sources */,
				FAEAB77825B350D800891DFB /* LKDeviceUtil.m in Sources */,
				BA805B6B25F0ED2D0081243F /* LKFileBaseTableViewCell.m in Sources */,
			);
			runOnlyForDeploymentPostprocessing = 0;
		};
/* End PBXSourcesBuildPhase section */

/* Begin PBXVariantGroup section */
		FA55A4F825B1E8AF00EC6CAB /* LaunchScreen.storyboard */ = {
			isa = PBXVariantGroup;
			children = (
				FA55A4F925B1E8AF00EC6CAB /* Base */,
			);
			name = LaunchScreen.storyboard;
			sourceTree = "<group>";
		};
/* End PBXVariantGroup section */

/* Begin XCBuildConfiguration section */
		FA55A4FE25B1E8AF00EC6CAB /* Debug */ = {
			isa = XCBuildConfiguration;
			buildSettings = {
				ALWAYS_SEARCH_USER_PATHS = NO;
				CLANG_ANALYZER_NONNULL = YES;
				CLANG_ANALYZER_NUMBER_OBJECT_CONVERSION = YES_AGGRESSIVE;
				CLANG_CXX_LANGUAGE_STANDARD = "gnu++14";
				CLANG_CXX_LIBRARY = "libc++";
				CLANG_ENABLE_MODULES = YES;
				CLANG_ENABLE_OBJC_ARC = YES;
				CLANG_ENABLE_OBJC_WEAK = YES;
				CLANG_WARN_BLOCK_CAPTURE_AUTORELEASING = YES;
				CLANG_WARN_BOOL_CONVERSION = YES;
				CLANG_WARN_COMMA = YES;
				CLANG_WARN_CONSTANT_CONVERSION = YES;
				CLANG_WARN_DEPRECATED_OBJC_IMPLEMENTATIONS = YES;
				CLANG_WARN_DIRECT_OBJC_ISA_USAGE = YES_ERROR;
				CLANG_WARN_DOCUMENTATION_COMMENTS = YES;
				CLANG_WARN_EMPTY_BODY = YES;
				CLANG_WARN_ENUM_CONVERSION = YES;
				CLANG_WARN_INFINITE_RECURSION = YES;
				CLANG_WARN_INT_CONVERSION = YES;
				CLANG_WARN_NON_LITERAL_NULL_CONVERSION = YES;
				CLANG_WARN_OBJC_IMPLICIT_RETAIN_SELF = YES;
				CLANG_WARN_OBJC_LITERAL_CONVERSION = YES;
				CLANG_WARN_OBJC_ROOT_CLASS = YES_ERROR;
				CLANG_WARN_QUOTED_INCLUDE_IN_FRAMEWORK_HEADER = YES;
				CLANG_WARN_RANGE_LOOP_ANALYSIS = YES;
				CLANG_WARN_STRICT_PROTOTYPES = YES;
				CLANG_WARN_SUSPICIOUS_MOVE = YES;
				CLANG_WARN_UNGUARDED_AVAILABILITY = YES_AGGRESSIVE;
				CLANG_WARN_UNREACHABLE_CODE = YES;
				CLANG_WARN__DUPLICATE_METHOD_MATCH = YES;
				COPY_PHASE_STRIP = NO;
				DEBUG_INFORMATION_FORMAT = dwarf;
				ENABLE_STRICT_OBJC_MSGSEND = YES;
				ENABLE_TESTABILITY = YES;
				GCC_C_LANGUAGE_STANDARD = gnu11;
				GCC_DYNAMIC_NO_PIC = NO;
				GCC_NO_COMMON_BLOCKS = YES;
				GCC_OPTIMIZATION_LEVEL = 0;
				GCC_PREPROCESSOR_DEFINITIONS = (
					"DEBUG=1",
					"$(inherited)",
				);
				GCC_WARN_64_TO_32_BIT_CONVERSION = YES;
				GCC_WARN_ABOUT_RETURN_TYPE = YES_ERROR;
				GCC_WARN_UNDECLARED_SELECTOR = YES;
				GCC_WARN_UNINITIALIZED_AUTOS = YES_AGGRESSIVE;
				GCC_WARN_UNUSED_FUNCTION = YES;
				GCC_WARN_UNUSED_VARIABLE = YES;
				IPHONEOS_DEPLOYMENT_TARGET = 10.0;
				MTL_ENABLE_DEBUG_INFO = INCLUDE_SOURCE;
				MTL_FAST_MATH = YES;
				ONLY_ACTIVE_ARCH = YES;
				SDKROOT = iphoneos;
			};
			name = Debug;
		};
		FA55A4FF25B1E8AF00EC6CAB /* Release */ = {
			isa = XCBuildConfiguration;
			buildSettings = {
				ALWAYS_SEARCH_USER_PATHS = NO;
				CLANG_ANALYZER_NONNULL = YES;
				CLANG_ANALYZER_NUMBER_OBJECT_CONVERSION = YES_AGGRESSIVE;
				CLANG_CXX_LANGUAGE_STANDARD = "gnu++14";
				CLANG_CXX_LIBRARY = "libc++";
				CLANG_ENABLE_MODULES = YES;
				CLANG_ENABLE_OBJC_ARC = YES;
				CLANG_ENABLE_OBJC_WEAK = YES;
				CLANG_WARN_BLOCK_CAPTURE_AUTORELEASING = YES;
				CLANG_WARN_BOOL_CONVERSION = YES;
				CLANG_WARN_COMMA = YES;
				CLANG_WARN_CONSTANT_CONVERSION = YES;
				CLANG_WARN_DEPRECATED_OBJC_IMPLEMENTATIONS = YES;
				CLANG_WARN_DIRECT_OBJC_ISA_USAGE = YES_ERROR;
				CLANG_WARN_DOCUMENTATION_COMMENTS = YES;
				CLANG_WARN_EMPTY_BODY = YES;
				CLANG_WARN_ENUM_CONVERSION = YES;
				CLANG_WARN_INFINITE_RECURSION = YES;
				CLANG_WARN_INT_CONVERSION = YES;
				CLANG_WARN_NON_LITERAL_NULL_CONVERSION = YES;
				CLANG_WARN_OBJC_IMPLICIT_RETAIN_SELF = YES;
				CLANG_WARN_OBJC_LITERAL_CONVERSION = YES;
				CLANG_WARN_OBJC_ROOT_CLASS = YES_ERROR;
				CLANG_WARN_QUOTED_INCLUDE_IN_FRAMEWORK_HEADER = YES;
				CLANG_WARN_RANGE_LOOP_ANALYSIS = YES;
				CLANG_WARN_STRICT_PROTOTYPES = YES;
				CLANG_WARN_SUSPICIOUS_MOVE = YES;
				CLANG_WARN_UNGUARDED_AVAILABILITY = YES_AGGRESSIVE;
				CLANG_WARN_UNREACHABLE_CODE = YES;
				CLANG_WARN__DUPLICATE_METHOD_MATCH = YES;
				COPY_PHASE_STRIP = NO;
				DEBUG_INFORMATION_FORMAT = "dwarf-with-dsym";
				ENABLE_NS_ASSERTIONS = NO;
				ENABLE_STRICT_OBJC_MSGSEND = YES;
				GCC_C_LANGUAGE_STANDARD = gnu11;
				GCC_NO_COMMON_BLOCKS = YES;
				GCC_WARN_64_TO_32_BIT_CONVERSION = YES;
				GCC_WARN_ABOUT_RETURN_TYPE = YES_ERROR;
				GCC_WARN_UNDECLARED_SELECTOR = YES;
				GCC_WARN_UNINITIALIZED_AUTOS = YES_AGGRESSIVE;
				GCC_WARN_UNUSED_FUNCTION = YES;
				GCC_WARN_UNUSED_VARIABLE = YES;
				IPHONEOS_DEPLOYMENT_TARGET = 10.0;
				MTL_ENABLE_DEBUG_INFO = NO;
				MTL_FAST_MATH = YES;
				SDKROOT = iphoneos;
				VALIDATE_PRODUCT = YES;
			};
			name = Release;
		};
		FA55A50125B1E8AF00EC6CAB /* Debug */ = {
			isa = XCBuildConfiguration;
			baseConfigurationReference = 93D514D5D9B1D2812660C7FF /* Pods-likit.debug.xcconfig */;
			buildSettings = {
				ASSETCATALOG_COMPILER_APPICON_NAME = AppIcon;
				ASSETCATALOG_COMPILER_GLOBAL_ACCENT_COLOR_NAME = AccentColor;
				CODE_SIGN_STYLE = Automatic;
				DEVELOPMENT_TEAM = 7B669K69ZN;
				GCC_PREFIX_HEADER = "$(SRCROOT)/likit/base/config/LKPrefixHeader.pch";
				INFOPLIST_FILE = likit/Info.plist;
				IPHONEOS_DEPLOYMENT_TARGET = 10.0;
				LD_RUNPATH_SEARCH_PATHS = (
					"$(inherited)",
					"@executable_path/Frameworks",
				);
				MARKETING_VERSION = 1.0.0;
				PRODUCT_BUNDLE_IDENTIFIER = cn.likit.likit;
				PRODUCT_NAME = "$(TARGET_NAME)";
				TARGETED_DEVICE_FAMILY = "1,2";
			};
			name = Debug;
		};
		FA55A50225B1E8AF00EC6CAB /* Release */ = {
			isa = XCBuildConfiguration;
			baseConfigurationReference = 17E27E0BE5D471AE30A040AC /* Pods-likit.release.xcconfig */;
			buildSettings = {
				ASSETCATALOG_COMPILER_APPICON_NAME = AppIcon;
				ASSETCATALOG_COMPILER_GLOBAL_ACCENT_COLOR_NAME = AccentColor;
				CODE_SIGN_STYLE = Automatic;
				DEVELOPMENT_TEAM = 7B669K69ZN;
				GCC_PREFIX_HEADER = "$(SRCROOT)/likit/base/config/LKPrefixHeader.pch";
				INFOPLIST_FILE = likit/Info.plist;
				IPHONEOS_DEPLOYMENT_TARGET = 10.0;
				LD_RUNPATH_SEARCH_PATHS = (
					"$(inherited)",
					"@executable_path/Frameworks",
				);
				MARKETING_VERSION = 1.0.0;
				PRODUCT_BUNDLE_IDENTIFIER = cn.likit.likit;
				PRODUCT_NAME = "$(TARGET_NAME)";
				TARGETED_DEVICE_FAMILY = "1,2";
			};
			name = Release;
		};
/* End XCBuildConfiguration section */

/* Begin XCConfigurationList section */
		FA55A4E225B1E8AE00EC6CAB /* Build configuration list for PBXProject "likit" */ = {
			isa = XCConfigurationList;
			buildConfigurations = (
				FA55A4FE25B1E8AF00EC6CAB /* Debug */,
				FA55A4FF25B1E8AF00EC6CAB /* Release */,
			);
			defaultConfigurationIsVisible = 0;
			defaultConfigurationName = Release;
		};
		FA55A50025B1E8AF00EC6CAB /* Build configuration list for PBXNativeTarget "likit" */ = {
			isa = XCConfigurationList;
			buildConfigurations = (
				FA55A50125B1E8AF00EC6CAB /* Debug */,
				FA55A50225B1E8AF00EC6CAB /* Release */,
			);
			defaultConfigurationIsVisible = 0;
			defaultConfigurationName = Release;
		};
/* End XCConfigurationList section */
	};
	rootObject = FA55A4DF25B1E8AE00EC6CAB /* Project object */;
}
